
Microsoft Visual Studio Solution File, Format Version 12.00
# Visual Studio Version 16
VisualStudioVersion = 16.0.30114.105
MinimumVisualStudioVersion = 10.0.40219.1
Project("{FAE04EC0-301F-11D3-BF4B-00C04F79EFBC}") = "permafnotes", "permafnotes\permafnotes.csproj", "{981C4813-6D30-476D-9ADF-4AB0C9C5D1AD}"
EndProject
Global
	GlobalSection(SolutionConfigurationPlatforms) = preSolution
		Debug|Any CPU = Debug|Any CPU
		Release|Any CPU = Release|Any CPU
	EndGlobalSection
	GlobalSection(SolutionProperties) = preSolution
		HideSolutionNode = FALSE
	EndGlobalSection
	GlobalSection(ProjectConfigurationPlatforms) = postSolution
		{981C4813-6D30-476D-9ADF-4AB0C9C5D1AD}.Debug|Any CPU.ActiveCfg = Debug|Any CPU
		{981C4813-6D30-476D-9ADF-4AB0C9C5D1AD}.Debug|Any CPU.Build.0 = Debug|Any CPU
		{981C4813-6D30-476D-9ADF-4AB0C9C5D1AD}.Release|Any CPU.ActiveCfg = Release|Any CPU
		{981C4813-6D30-476D-9ADF-4AB0C9C5D1AD}.Release|Any CPU.Build.0 = Release|Any CPU
	EndGlobalSection
EndGlobal
